
Microsoft Visual Studio Solution File, Format Version 12.00
# Visual Studio Version 17
VisualStudioVersion = 17.3.32922.545
MinimumVisualStudioVersion = 10.0.40219.1
Project("{FAE04EC0-301F-11D3-BF4B-00C04F79EFBC}") = "ItecSurApp.Android", "ItecSurApp.Android\ItecSurApp.Android.csproj", "{B897FF9C-DDD2-4A30-90A7-0A37773D41DE}"
EndProject
Project("{FAE04EC0-301F-11D3-BF4B-00C04F79EFBC}") = "ItecSurApp.iOS", "ItecSurApp.iOS\ItecSurApp.iOS.csproj", "{FDA84CCB-48E5-4CF8-9658-8A14478D23B6}"
EndProject
Project("{9A19103F-16F7-4668-BE54-9A1E7A4F7556}") = "ItecSurApp", "ItecSurApp\ItecSurApp.csproj", "{847872B7-F9E2-447D-811B-7A4BE982E943}"
EndProject
Global
	GlobalSection(SolutionConfigurationPlatforms) = preSolution
		Debug|Any CPU = Debug|Any CPU
		Debug|iPhone = Debug|iPhone
		Debug|iPhoneSimulator = Debug|iPhoneSimulator
		Release|Any CPU = Release|Any CPU
		Release|iPhone = Release|iPhone
		Release|iPhoneSimulator = Release|iPhoneSimulator
	EndGlobalSection
	GlobalSection(ProjectConfigurationPlatforms) = postSolution
		{B897FF9C-DDD2-4A30-90A7-0A37773D41DE}.Debug|Any CPU.ActiveCfg = Debug|Any CPU
		{B897FF9C-DDD2-4A30-90A7-0A37773D41DE}.Debug|Any CPU.Build.0 = Debug|Any CPU
		{B897FF9C-DDD2-4A30-90A7-0A37773D41DE}.Debug|Any CPU.Deploy.0 = Debug|Any CPU
		{B897FF9C-DDD2-4A30-90A7-0A37773D41DE}.Debug|iPhone.ActiveCfg = Debug|Any CPU
		{B897FF9C-DDD2-4A30-90A7-0A37773D41DE}.Debug|iPhone.Build.0 = Debug|Any CPU
		{B897FF9C-DDD2-4A30-90A7-0A37773D41DE}.Debug|iPhone.Deploy.0 = Debug|Any CPU
		{B897FF9C-DDD2-4A30-90A7-0A37773D41DE}.Debug|iPhoneSimulator.ActiveCfg = Debug|Any CPU
		{B897FF9C-DDD2-4A30-90A7-0A37773D41DE}.Debug|iPhoneSimulator.Build.0 = Debug|Any CPU
		{B897FF9C-DDD2-4A30-90A7-0A37773D41DE}.Debug|iPhoneSimulator.Deploy.0 = Debug|Any CPU
		{B897FF9C-DDD2-4A30-90A7-0A37773D41DE}.Release|Any CPU.ActiveCfg = Release|Any CPU
		{B897FF9C-DDD2-4A30-90A7-0A37773D41DE}.Release|Any CPU.Build.0 = Release|Any CPU
		{B897FF9C-DDD2-4A30-90A7-0A37773D41DE}.Release|Any CPU.Deploy.0 = Release|Any CPU
		{B897FF9C-DDD2-4A30-90A7-0A37773D41DE}.Release|iPhone.ActiveCfg = Release|Any CPU
		{B897FF9C-DDD2-4A30-90A7-0A37773D41DE}.Release|iPhone.Build.0 = Release|Any CPU
		{B897FF9C-DDD2-4A30-90A7-0A37773D41DE}.Release|iPhone.Deploy.0 = Release|Any CPU
		{B897FF9C-DDD2-4A30-90A7-0A37773D41DE}.Release|iPhoneSimulator.ActiveCfg = Release|Any CPU
		{B897FF9C-DDD2-4A30-90A7-0A37773D41DE}.Release|iPhoneSimulator.Build.0 = Release|Any CPU
		{B897FF9C-DDD2-4A30-90A7-0A37773D41DE}.Release|iPhoneSimulator.Deploy.0 = Release|Any CPU
		{FDA84CCB-48E5-4CF8-9658-8A14478D23B6}.Debug|Any CPU.ActiveCfg = Debug|iPhone
		{FDA84CCB-48E5-4CF8-9658-8A14478D23B6}.Debug|Any CPU.Build.0 = Debug|iPhone
		{FDA84CCB-48E5-4CF8-9658-8A14478D23B6}.Debug|Any CPU.Deploy.0 = Debug|iPhone
		{FDA84CCB-48E5-4CF8-9658-8A14478D23B6}.Debug|iPhone.ActiveCfg = Debug|iPhone
		{FDA84CCB-48E5-4CF8-9658-8A14478D23B6}.Debug|iPhone.Build.0 = Debug|iPhone
		{FDA84CCB-48E5-4CF8-9658-8A14478D23B6}.Debug|iPhone.Deploy.0 = Debug|iPhone
		{FDA84CCB-48E5-4CF8-9658-8A14478D23B6}.Debug|iPhoneSimulator.ActiveCfg = Debug|iPhoneSimulator
		{FDA84CCB-48E5-4CF8-9658-8A14478D23B6}.Debug|iPhoneSimulator.Build.0 = Debug|iPhoneSimulator
		{FDA84CCB-48E5-4CF8-9658-8A14478D23B6}.Debug|iPhoneSimulator.Deploy.0 = Debug|iPhoneSimulator
		{FDA84CCB-48E5-4CF8-9658-8A14478D23B6}.Release|Any CPU.ActiveCfg = Release|iPhoneSimulator
		{FDA84CCB-48E5-4CF8-9658-8A14478D23B6}.Release|Any CPU.Build.0 = Release|iPhoneSimulator
		{FDA84CCB-48E5-4CF8-9658-8A14478D23B6}.Release|Any CPU.Deploy.0 = Release|iPhoneSimulator
		{FDA84CCB-48E5-4CF8-9658-8A14478D23B6}.Release|iPhone.ActiveCfg = Release|iPhone
		{FDA84CCB-48E5-4CF8-9658-8A14478D23B6}.Release|iPhone.Build.0 = Release|iPhone
		{FDA84CCB-48E5-4CF8-9658-8A14478D23B6}.Release|iPhone.Deploy.0 = Release|iPhone
		{FDA84CCB-48E5-4CF8-9658-8A14478D23B6}.Release|iPhoneSimulator.ActiveCfg = Release|iPhoneSimulator
		{FDA84CCB-48E5-4CF8-9658-8A14478D23B6}.Release|iPhoneSimulator.Build.0 = Release|iPhoneSimulator
		{FDA84CCB-48E5-4CF8-9658-8A14478D23B6}.Release|iPhoneSimulator.Deploy.0 = Release|iPhoneSimulator
		{847872B7-F9E2-447D-811B-7A4BE982E943}.Debug|Any CPU.ActiveCfg = Debug|Any CPU
		{847872B7-F9E2-447D-811B-7A4BE982E943}.Debug|Any CPU.Build.0 = Debug|Any CPU
		{847872B7-F9E2-447D-811B-7A4BE982E943}.Debug|Any CPU.Deploy.0 = Debug|Any CPU
		{847872B7-F9E2-447D-811B-7A4BE982E943}.Debug|iPhone.ActiveCfg = Debug|Any CPU
		{847872B7-F9E2-447D-811B-7A4BE982E943}.Debug|iPhone.Build.0 = Debug|Any CPU
		{847872B7-F9E2-447D-811B-7A4BE982E943}.Debug|iPhone.Deploy.0 = Debug|Any CPU
		{847872B7-F9E2-447D-811B-7A4BE982E943}.Debug|iPhoneSimulator.ActiveCfg = Debug|Any CPU
		{847872B7-F9E2-447D-811B-7A4BE982E943}.Debug|iPhoneSimulator.Build.0 = Debug|Any CPU
		{847872B7-F9E2-447D-811B-7A4BE982E943}.Debug|iPhoneSimulator.Deploy.0 = Debug|Any CPU
		{847872B7-F9E2-447D-811B-7A4BE982E943}.Release|Any CPU.ActiveCfg = Release|Any CPU
		{847872B7-F9E2-447D-811B-7A4BE982E943}.Release|Any CPU.Build.0 = Release|Any CPU
		{847872B7-F9E2-447D-811B-7A4BE982E943}.Release|Any CPU.Deploy.0 = Release|Any CPU
		{847872B7-F9E2-447D-811B-7A4BE982E943}.Release|iPhone.ActiveCfg = Release|Any CPU
		{847872B7-F9E2-447D-811B-7A4BE982E943}.Release|iPhone.Build.0 = Release|Any CPU
		{847872B7-F9E2-447D-811B-7A4BE982E943}.Release|iPhone.Deploy.0 = Release|Any CPU
		{847872B7-F9E2-447D-811B-7A4BE982E943}.Release|iPhoneSimulator.ActiveCfg = Release|Any CPU
		{847872B7-F9E2-447D-811B-7A4BE982E943}.Release|iPhoneSimulator.Build.0 = Release|Any CPU
		{847872B7-F9E2-447D-811B-7A4BE982E943}.Release|iPhoneSimulator.Deploy.0 = Release|Any CPU
	EndGlobalSection
	GlobalSection(SolutionProperties) = preSolution
		HideSolutionNode = FALSE
	EndGlobalSection
	GlobalSection(ExtensibilityGlobals) = postSolution
		SolutionGuid = {817B9507-72DC-420B-91B4-84D7550D9834}
	EndGlobalSection
EndGlobal
